{
  "originHash" : "e94ec219bb47d6abea2e8cd271408190cc8b211675f90bb9ca7ed90f6d2b7815",
  "pins" : [
    {
      "identity" : "libpng",
      "kind" : "remoteSourceControl",
      "location" : "https://github.com/the-swift-collective/libpng.git",
      "state" : {
        "revision" : "0eff23aca92a086b7892831f5cb4f58e15be9449",
        "version" : "1.6.45"
      }
    },
    {
      "identity" : "libwebp",
      "kind" : "remoteSourceControl",
      "location" : "https://github.com/the-swift-collective/libwebp.git",
      "state" : {
        "revision" : "5f745a17b9a5c2a4283f17c2cde4517610ab5f99",
        "version" : "1.4.1"
      }
    },
    {
      "identity" : "swift-argument-parser",
      "kind" : "remoteSourceControl",
      "location" : "https://github.com/apple/swift-argument-parser",
      "state" : {
        "revision" : "c5d11a805e765f52ba34ec7284bd4fcd6ba68615",
        "version" : "1.7.0"
      }
    },
    {
      "identity" : "zipfoundation",
      "kind" : "remoteSourceControl",
      "location" : "https://github.com/weichsel/ZIPFoundation",
      "state" : {
        "revision" : "22787ffb59de99e5dc1fbfe80b19c97a904ad48d",
        "version" : "0.9.20"
      }
    },
    {
      "identity" : "zlib",
      "kind" : "remoteSourceControl",
      "location" : "https://github.com/the-swift-collective/zlib.git",
      "state" : {
        "revision" : "f1d153b90420f9fcc6ef916cd67ea96f0e68d137",
        "version" : "1.3.2"
      }
    }
  ],
  "version" : 3
}
